
Microsoft Visual Studio Solution File, Format Version 12.00
# Visual Studio Version 17
VisualStudioVersion = 17.9.34714.143
MinimumVisualStudioVersion = 10.0.40219.1
Project("{9A19103F-16F7-4668-BE54-9A1E7A4F7556}") = "PONTO.WEB", "PONTO.WEB\PONTO.WEB.csproj", "{0EB550FB-E4BC-4B59-86A1-79618F626914}"
EndProject
Project("{FAE04EC0-301F-11D3-BF4B-00C04F79EFBC}") = "PONTO.CARGAS", "PONTO.CARGAS\PONTO.CARGAS.csproj", "{F00224E7-B79D-4894-B23A-5BEDE7B1612D}"
EndProject
Project("{9A19103F-16F7-4668-BE54-9A1E7A4F7556}") = "PONTO.DOMAIN", "PONTO.DOMAIN\PONTO.DOMAIN.csproj", "{C6768A07-943B-45B3-8293-823C792106D6}"
EndProject
Project("{9A19103F-16F7-4668-BE54-9A1E7A4F7556}") = "PONTO.DAO", "PONTO.DAO\PONTO.DAO.csproj", "{7E3EB267-EAFC-4A9E-9F96-27A08FE88F4F}"
EndProject
Project("{9A19103F-16F7-4668-BE54-9A1E7A4F7556}") = "PONTO.BOT", "PONTO.BOT\PONTO.BOT.csproj", "{2C3DEF2C-2E53-4EEC-B855-B575AB440B19}"
EndProject
Project("{FAE04EC0-301F-11D3-BF4B-00C04F79EFBC}") = "PONTO.SERVICOS", "PONTO.SERVICOS\PONTO.SERVICOS.csproj", "{DE2FC626-1230-4732-A458-ECC757A8B890}"
EndProject
Global
	GlobalSection(SolutionConfigurationPlatforms) = preSolution
		Debug|Any CPU = Debug|Any CPU
		Release|Any CPU = Release|Any CPU
	EndGlobalSection
	GlobalSection(ProjectConfigurationPlatforms) = postSolution
		{0EB550FB-E4BC-4B59-86A1-79618F626914}.Debug|Any CPU.ActiveCfg = Debug|Any CPU
		{0EB550FB-E4BC-4B59-86A1-79618F626914}.Debug|Any CPU.Build.0 = Debug|Any CPU
		{0EB550FB-E4BC-4B59-86A1-79618F626914}.Release|Any CPU.ActiveCfg = Release|Any CPU
		{0EB550FB-E4BC-4B59-86A1-79618F626914}.Release|Any CPU.Build.0 = Release|Any CPU
		{F00224E7-B79D-4894-B23A-5BEDE7B1612D}.Debug|Any CPU.ActiveCfg = Debug|Any CPU
		{F00224E7-B79D-4894-B23A-5BEDE7B1612D}.Debug|Any CPU.Build.0 = Debug|Any CPU
		{F00224E7-B79D-4894-B23A-5BEDE7B1612D}.Release|Any CPU.ActiveCfg = Release|Any CPU
		{F00224E7-B79D-4894-B23A-5BEDE7B1612D}.Release|Any CPU.Build.0 = Release|Any CPU
		{C6768A07-943B-45B3-8293-823C792106D6}.Debug|Any CPU.ActiveCfg = Debug|Any CPU
		{C6768A07-943B-45B3-8293-823C792106D6}.Debug|Any CPU.Build.0 = Debug|Any CPU
		{C6768A07-943B-45B3-8293-823C792106D6}.Release|Any CPU.ActiveCfg = Release|Any CPU
		{C6768A07-943B-45B3-8293-823C792106D6}.Release|Any CPU.Build.0 = Release|Any CPU
		{7E3EB267-EAFC-4A9E-9F96-27A08FE88F4F}.Debug|Any CPU.ActiveCfg = Debug|Any CPU
		{7E3EB267-EAFC-4A9E-9F96-27A08FE88F4F}.Debug|Any CPU.Build.0 = Debug|Any CPU
		{7E3EB267-EAFC-4A9E-9F96-27A08FE88F4F}.Release|Any CPU.ActiveCfg = Release|Any CPU
		{7E3EB267-EAFC-4A9E-9F96-27A08FE88F4F}.Release|Any CPU.Build.0 = Release|Any CPU
		{2C3DEF2C-2E53-4EEC-B855-B575AB440B19}.Debug|Any CPU.ActiveCfg = Debug|Any CPU
		{2C3DEF2C-2E53-4EEC-B855-B575AB440B19}.Debug|Any CPU.Build.0 = Debug|Any CPU
		{2C3DEF2C-2E53-4EEC-B855-B575AB440B19}.Release|Any CPU.ActiveCfg = Release|Any CPU
		{2C3DEF2C-2E53-4EEC-B855-B575AB440B19}.Release|Any CPU.Build.0 = Release|Any CPU
		{DE2FC626-1230-4732-A458-ECC757A8B890}.Debug|Any CPU.ActiveCfg = Debug|Any CPU
		{DE2FC626-1230-4732-A458-ECC757A8B890}.Debug|Any CPU.Build.0 = Debug|Any CPU
		{DE2FC626-1230-4732-A458-ECC757A8B890}.Release|Any CPU.ActiveCfg = Release|Any CPU
		{DE2FC626-1230-4732-A458-ECC757A8B890}.Release|Any CPU.Build.0 = Release|Any CPU
	EndGlobalSection
	GlobalSection(SolutionProperties) = preSolution
		HideSolutionNode = FALSE
	EndGlobalSection
	GlobalSection(ExtensibilityGlobals) = postSolution
		SolutionGuid = {85E91554-C6EA-458C-A9DE-98C89FB5D618}
	EndGlobalSection
EndGlobal
